// !$*UTF8*$!
{
	archiveVersion = 1;
	classes = {
	};
	objectVersion = 46;
	objects = {

/* Begin PBXBuildFile section */
		DDF7145417FBEA4A00360692 /* UIKit.framework in Frameworks */ = {isa = PBXBuildFile; fileRef = DDF7145317FBEA4A00360692 /* UIKit.framework */; };
		DDF7145617FBEA4A00360692 /* Foundation.framework in Frameworks */ = {isa = PBXBuildFile; fileRef = DDF7145517FBEA4A00360692 /* Foundation.framework */; };
		DDF7145817FBEA4A00360692 /* CoreGraphics.framework in Frameworks */ = {isa = PBXBuildFile; fileRef = DDF7145717FBEA4A00360692 /* CoreGraphics.framework */; };
		DDF7145E17FBEA4A00360692 /* InfoPlist.strings in Resources */ = {isa = PBXBuildFile; fileRef = DDF7145C17FBEA4A00360692 /* InfoPlist.strings */; };
		DDF7146017FBEA4A00360692 /* main.m in Sources */ = {isa = PBXBuildFile; fileRef = DDF7145F17FBEA4A00360692 /* main.m */; };
		DDF7146417FBEA4A00360692 /* AppDelegate.m in Sources */ = {isa = PBXBuildFile; fileRef = DDF7146317FBEA4A00360692 /* AppDelegate.m */; };
		DDF7146617FBEA4A00360692 /* Default.png in Resources */ = {isa = PBXBuildFile; fileRef = DDF7146517FBEA4A00360692 /* Default.png */; };
		DDF7146817FBEA4A00360692 /* Default@2x.png in Resources */ = {isa = PBXBuildFile; fileRef = DDF7146717FBEA4A00360692 /* Default@2x.png */; };
		DDF7146A17FBEA4B00360692 /* Default-568h@2x.png in Resources */ = {isa = PBXBuildFile; fileRef = DDF7146917FBEA4A00360692 /* Default-568h@2x.png */; };
		DDF7146D17FBEA4B00360692 /* ViewController.m in Sources */ = {isa = PBXBuildFile; fileRef = DDF7146C17FBEA4B00360692 /* ViewController.m */; };
		DDF7147017FBEA4B00360692 /* ViewController_iPhone.xib in Resources */ = {isa = PBXBuildFile; fileRef = DDF7146E17FBEA4B00360692 /* ViewController_iPhone.xib */; };
		DDF7147317FBEA4B00360692 /* ViewController_iPad.xib in Resources */ = {isa = PBXBuildFile; fileRef = DDF7147117FBEA4B00360692 /* ViewController_iPad.xib */; };
		DDF7147B17FBEA4B00360692 /* SenTestingKit.framework in Frameworks */ = {isa = PBXBuildFile; fileRef = DDF7147A17FBEA4B00360692 /* SenTestingKit.framework */; };
		DDF7147C17FBEA4B00360692 /* UIKit.framework in Frameworks */ = {isa = PBXBuildFile; fileRef = DDF7145317FBEA4A00360692 /* UIKit.framework */; };
		DDF7147D17FBEA4B00360692 /* Foundation.framework in Frameworks */ = {isa = PBXBuildFile; fileRef = DDF7145517FBEA4A00360692 /* Foundation.framework */; };
		DDF7148517FBEA4B00360692 /* InfoPlist.strings in Resources */ = {isa = PBXBuildFile; fileRef = DDF7148317FBEA4B00360692 /* InfoPlist.strings */; };
		DDF7148817FBEA4B00360692 /* EGOTableViewPullActionTests.m in Sources */ = {isa = PBXBuildFile; fileRef = DDF7148717FBEA4B00360692 /* EGOTableViewPullActionTests.m */; };
		DDF7149A17FBEA7700360692 /* EGORefreshTableHeaderView.m in Sources */ = {isa = PBXBuildFile; fileRef = DDF7149317FBEA7700360692 /* EGORefreshTableHeaderView.m */; };
		DDF7149B17FBEA7700360692 /* LoadMoreTableFooterView.m in Sources */ = {isa = PBXBuildFile; fileRef = DDF7149517FBEA7700360692 /* LoadMoreTableFooterView.m */; };
		DDF7149C17FBEA7700360692 /* MessageInterceptor.m in Sources */ = {isa = PBXBuildFile; fileRef = DDF7149717FBEA7700360692 /* MessageInterceptor.m */; };
		DDF7149D17FBEA7700360692 /* PullTableView.m in Sources */ = {isa = PBXBuildFile; fileRef = DDF7149917FBEA7700360692 /* PullTableView.m */; };
		DDF7149F17FBEC7900360692 /* QuartzCore.framework in Frameworks */ = {isa = PBXBuildFile; fileRef = DDF7149E17FBEC7900360692 /* QuartzCore.framework */; };
		DDF714A917FBF0DC00360692 /* blackArrow.png in Resources */ = {isa = PBXBuildFile; fileRef = DDF714A117FBF0DC00360692 /* blackArrow.png */; };
		DDF714AA17FBF0DC00360692 /* blackArrow@2x.png in Resources */ = {isa = PBXBuildFile; fileRef = DDF714A217FBF0DC00360692 /* blackArrow@2x.png */; };
		DDF714AB17FBF0DC00360692 /* blueArrow.png in Resources */ = {isa = PBXBuildFile; fileRef = DDF714A317FBF0DC00360692 /* blueArrow.png */; };
		DDF714AC17FBF0DC00360692 /* blueArrow@2x.png in Resources */ = {isa = PBXBuildFile; fileRef = DDF714A417FBF0DC00360692 /* blueArrow@2x.png */; };
		DDF714AD17FBF0DC00360692 /* grayArrow.png in Resources */ = {isa = PBXBuildFile; fileRef = DDF714A517FBF0DC00360692 /* grayArrow.png */; };
		DDF714AE17FBF0DC00360692 /* grayArrow@2x.png in Resources */ = {isa = PBXBuildFile; fileRef = DDF714A617FBF0DC00360692 /* grayArrow@2x.png */; };
		DDF714AF17FBF0DC00360692 /* whiteArrow.png in Resources */ = {isa = PBXBuildFile; fileRef = DDF714A717FBF0DC00360692 /* whiteArrow.png */; };
		DDF714B017FBF0DC00360692 /* whiteArrow@2x.png in Resources */ = {isa = PBXBuildFile; fileRef = DDF714A817FBF0DC00360692 /* whiteArrow@2x.png */; };
/* End PBXBuildFile section */

/* Begin PBXContainerItemProxy section */
		DDF7147E17FBEA4B00360692 /* PBXContainerItemProxy */ = {
			isa = PBXContainerItemProxy;
			containerPortal = DDF7144817FBEA4A00360692 /* Project object */;
			proxyType = 1;
			remoteGlobalIDString = DDF7144F17FBEA4A00360692;
			remoteInfo = EGOTableViewPullAction;
		};
/* End PBXContainerItemProxy section */

/* Begin PBXFileReference section */
		DDF7145017FBEA4A00360692 /* EGOTableViewPullAction.app */ = {isa = PBXFileReference; explicitFileType = wrapper.application; includeInIndex = 0; path = EGOTableViewPullAction.app; sourceTree = BUILT_PRODUCTS_DIR; };
		DDF7145317FBEA4A00360692 /* UIKit.framework */ = {isa = PBXFileReference; lastKnownFileType = wrapper.framework; name = UIKit.framework; path = System/Library/Frameworks/UIKit.framework; sourceTree = SDKROOT; };
		DDF7145517FBEA4A00360692 /* Foundation.framework */ = {isa = PBXFileReference; lastKnownFileType = wrapper.framework; name = Foundation.framework; path = System/Library/Frameworks/Foundation.framework; sourceTree = SDKROOT; };
		DDF7145717FBEA4A00360692 /* CoreGraphics.framework */ = {isa = PBXFileReference; lastKnownFileType = wrapper.framework; name = CoreGraphics.framework; path = System/Library/Frameworks/CoreGraphics.framework; sourceTree = SDKROOT; };
		DDF7145B17FBEA4A00360692 /* EGOTableViewPullAction-Info.plist */ = {isa = PBXFileReference; lastKnownFileType = text.plist.xml; path = "EGOTableViewPullAction-Info.plist"; sourceTree = "<group>"; };
		DDF7145D17FBEA4A00360692 /* en */ = {isa = PBXFileReference; lastKnownFileType = text.plist.strings; name = en; path = en.lproj/InfoPlist.strings; sourceTree = "<group>"; };
		DDF7145F17FBEA4A00360692 /* main.m */ = {isa = PBXFileReference; lastKnownFileType = sourcecode.c.objc; path = main.m; sourceTree = "<group>"; };
		DDF7146117FBEA4A00360692 /* EGOTableViewPullAction-Prefix.pch */ = {isa = PBXFileReference; lastKnownFileType = sourcecode.c.h; path = "EGOTableViewPullAction-Prefix.pch"; sourceTree = "<group>"; };
		DDF7146217FBEA4A00360692 /* AppDelegate.h */ = {isa = PBXFileReference; lastKnownFileType = sourcecode.c.h; path = AppDelegate.h; sourceTree = "<group>"; };
		DDF7146317FBEA4A00360692 /* AppDelegate.m */ = {isa = PBXFileReference; lastKnownFileType = sourcecode.c.objc; path = AppDelegate.m; sourceTree = "<group>"; };
		DDF7146517FBEA4A00360692 /* Default.png */ = {isa = PBXFileReference; lastKnownFileType = image.png; path = Default.png; sourceTree = "<group>"; };
		DDF7146717FBEA4A00360692 /* Default@2x.png */ = {isa = PBXFileReference; lastKnownFileType = image.png; path = "Default@2x.png"; sourceTree = "<group>"; };
		DDF7146917FBEA4A00360692 /* Default-568h@2x.png */ = {isa = PBXFileReference; lastKnownFileType = image.png; path = "Default-568h@2x.png"; sourceTree = "<group>"; };
		DDF7146B17FBEA4B00360692 /* ViewController.h */ = {isa = PBXFileReference; lastKnownFileType = sourcecode.c.h; path = ViewController.h; sourceTree = "<group>"; };
		DDF7146C17FBEA4B00360692 /* ViewController.m */ = {isa = PBXFileReference; lastKnownFileType = sourcecode.c.objc; path = ViewController.m; sourceTree = "<group>"; };
		DDF7146F17FBEA4B00360692 /* en */ = {isa = PBXFileReference; lastKnownFileType = file.xib; name = en; path = en.lproj/ViewController_iPhone.xib; sourceTree = "<group>"; };
		DDF7147217FBEA4B00360692 /* en */ = {isa = PBXFileReference; lastKnownFileType = file.xib; name = en; path = en.lproj/ViewController_iPad.xib; sourceTree = "<group>"; };
		DDF7147917FBEA4B00360692 /* EGOTableViewPullActionTests.octest */ = {isa = PBXFileReference; explicitFileType = wrapper.cfbundle; includeInIndex = 0; path = EGOTableViewPullActionTests.octest; sourceTree = BUILT_PRODUCTS_DIR; };
		DDF7147A17FBEA4B00360692 /* SenTestingKit.framework */ = {isa = PBXFileReference; lastKnownFileType = wrapper.framework; name = SenTestingKit.framework; path = Library/Frameworks/SenTestingKit.framework; sourceTree = DEVELOPER_DIR; };
		DDF7148217FBEA4B00360692 /* EGOTableViewPullActionTests-Info.plist */ = {isa = PBXFileReference; lastKnownFileType = text.plist.xml; path = "EGOTableViewPullActionTests-Info.plist"; sourceTree = "<group>"; };
		DDF7148417FBEA4B00360692 /* en */ = {isa = PBXFileReference; lastKnownFileType = text.plist.strings; name = en; path = en.lproj/InfoPlist.strings; sourceTree = "<group>"; };
		DDF7148617FBEA4B00360692 /* EGOTableViewPullActionTests.h */ = {isa = PBXFileReference; lastKnownFileType = sourcecode.c.h; path = EGOTableViewPullActionTests.h; sourceTree = "<group>"; };
		DDF7148717FBEA4B00360692 /* EGOTableViewPullActionTests.m */ = {isa = PBXFileReference; lastKnownFileType = sourcecode.c.objc; path = EGOTableViewPullActionTests.m; sourceTree = "<group>"; };
		DDF7149217FBEA7700360692 /* EGORefreshTableHeaderView.h */ = {isa = PBXFileReference; fileEncoding = 4; lastKnownFileType = sourcecode.c.h; path = EGORefreshTableHeaderView.h; sourceTree = "<group>"; };
		DDF7149317FBEA7700360692 /* EGORefreshTableHeaderView.m */ = {isa = PBXFileReference; fileEncoding = 4; lastKnownFileType = sourcecode.c.objc; path = EGORefreshTableHeaderView.m; sourceTree = "<group>"; };
		DDF7149417FBEA7700360692 /* LoadMoreTableFooterView.h */ = {isa = PBXFileReference; fileEncoding = 4; lastKnownFileType = sourcecode.c.h; path = LoadMoreTableFooterView.h; sourceTree = "<group>"; };
		DDF7149517FBEA7700360692 /* LoadMoreTableFooterView.m */ = {isa = PBXFileReference; fileEncoding = 4; lastKnownFileType = sourcecode.c.objc; path = LoadMoreTableFooterView.m; sourceTree = "<group>"; };
		DDF7149617FBEA7700360692 /* MessageInterceptor.h */ = {isa = PBXFileReference; fileEncoding = 4; lastKnownFileType = sourcecode.c.h; path = MessageInterceptor.h; sourceTree = "<group>"; };
		DDF7149717FBEA7700360692 /* MessageInterceptor.m */ = {isa = PBXFileReference; fileEncoding = 4; lastKnownFileType = sourcecode.c.objc; path = MessageInterceptor.m; sourceTree = "<group>"; };
		DDF7149817FBEA7700360692 /* PullTableView.h */ = {isa = PBXFileReference; fileEncoding = 4; lastKnownFileType = sourcecode.c.h; path = PullTableView.h; sourceTree = "<group>"; };
		DDF7149917FBEA7700360692 /* PullTableView.m */ = {isa = PBXFileReference; fileEncoding = 4; lastKnownFileType = sourcecode.c.objc; path = PullTableView.m; sourceTree = "<group>"; };
		DDF7149E17FBEC7900360692 /* QuartzCore.framework */ = {isa = PBXFileReference; lastKnownFileType = wrapper.framework; name = QuartzCore.framework; path = System/Library/Frameworks/QuartzCore.framework; sourceTree = SDKROOT; };
		DDF714A117FBF0DC00360692 /* blackArrow.png */ = {isa = PBXFileReference; lastKnownFileType = image.png; path = blackArrow.png; sourceTree = "<group>"; };
		DDF714A217FBF0DC00360692 /* blackArrow@2x.png */ = {isa = PBXFileReference; lastKnownFileType = image.png; path = "blackArrow@2x.png"; sourceTree = "<group>"; };
		DDF714A317FBF0DC00360692 /* blueArrow.png */ = {isa = PBXFileReference; lastKnownFileType = image.png; path = blueArrow.png; sourceTree = "<group>"; };
		DDF714A417FBF0DC00360692 /* blueArrow@2x.png */ = {isa = PBXFileReference; lastKnownFileType = image.png; path = "blueArrow@2x.png"; sourceTree = "<group>"; };
		DDF714A517FBF0DC00360692 /* grayArrow.png */ = {isa = PBXFileReference; lastKnownFileType = image.png; path = grayArrow.png; sourceTree = "<group>"; };
		DDF714A617FBF0DC00360692 /* grayArrow@2x.png */ = {isa = PBXFileReference; lastKnownFileType = image.png; path = "grayArrow@2x.png"; sourceTree = "<group>"; };
		DDF714A717FBF0DC00360692 /* whiteArrow.png */ = {isa = PBXFileReference; lastKnownFileType = image.png; path = whiteArrow.png; sourceTree = "<group>"; };
		DDF714A817FBF0DC00360692 /* whiteArrow@2x.png */ = {isa = PBXFileReference; lastKnownFileType = image.png; path = "whiteArrow@2x.png"; sourceTree = "<group>"; };
/* End PBXFileReference section */

/* Begin PBXFrameworksBuildPhase section */
		DDF7144D17FBEA4A00360692 /* Frameworks */ = {
			isa = PBXFrameworksBuildPhase;
			buildActionMask = 2147483647;
			files = (
				DDF7149F17FBEC7900360692 /* QuartzCore.framework in Frameworks */,
				DDF7145417FBEA4A00360692 /* UIKit.framework in Frameworks */,
				DDF7145617FBEA4A00360692 /* Foundation.framework in Frameworks */,
				DDF7145817FBEA4A00360692 /* CoreGraphics.framework in Frameworks */,
			);
			runOnlyForDeploymentPostprocessing = 0;
		};
		DDF7147517FBEA4B00360692 /* Frameworks */ = {
			isa = PBXFrameworksBuildPhase;
			buildActionMask = 2147483647;
			files = (
				DDF7147B17FBEA4B00360692 /* SenTestingKit.framework in Frameworks */,
				DDF7147C17FBEA4B00360692 /* UIKit.framework in Frameworks */,
				DDF7147D17FBEA4B00360692 /* Foundation.framework in Frameworks */,
			);
			runOnlyForDeploymentPostprocessing = 0;
		};
/* End PBXFrameworksBuildPhase section */

/* Begin PBXGroup section */
		DDF7144717FBEA4A00360692 = {
			isa = PBXGroup;
			children = (
				DDF7145917FBEA4A00360692 /* EGOTableViewPullAction */,
				DDF7148017FBEA4B00360692 /* EGOTableViewPullActionTests */,
				DDF7145217FBEA4A00360692 /* Frameworks */,
				DDF7145117FBEA4A00360692 /* Products */,
			);
			sourceTree = "<group>";
		};
		DDF7145117FBEA4A00360692 /* Products */ = {
			isa = PBXGroup;
			children = (
				DDF7145017FBEA4A00360692 /* EGOTableViewPullAction.app */,
				DDF7147917FBEA4B00360692 /* EGOTableViewPullActionTests.octest */,
			);
			name = Products;
			sourceTree = "<group>";
		};
		DDF7145217FBEA4A00360692 /* Frameworks */ = {
			isa = PBXGroup;
			children = (
				DDF7149E17FBEC7900360692 /* QuartzCore.framework */,
				DDF7145317FBEA4A00360692 /* UIKit.framework */,
				DDF7145517FBEA4A00360692 /* Foundation.framework */,
				DDF7145717FBEA4A00360692 /* CoreGraphics.framework */,
				DDF7147A17FBEA4B00360692 /* SenTestingKit.framework */,
			);
			name = Frameworks;
			sourceTree = "<group>";
		};
		DDF7145917FBEA4A00360692 /* EGOTableViewPullAction */ = {
			isa = PBXGroup;
			children = (
				DDF714A017FBF0DC00360692 /* Resources */,
				DDF7149117FBEA6000360692 /* Classes */,
				DDF7146217FBEA4A00360692 /* AppDelegate.h */,
				DDF7146317FBEA4A00360692 /* AppDelegate.m */,
				DDF7146B17FBEA4B00360692 /* ViewController.h */,
				DDF7146C17FBEA4B00360692 /* ViewController.m */,
				DDF7146E17FBEA4B00360692 /* ViewController_iPhone.xib */,
				DDF7147117FBEA4B00360692 /* ViewController_iPad.xib */,
				DDF7145A17FBEA4A00360692 /* Supporting Files */,
			);
			path = EGOTableViewPullAction;
			sourceTree = "<group>";
		};
		DDF7145A17FBEA4A00360692 /* Supporting Files */ = {
			isa = PBXGroup;
			children = (
				DDF7145B17FBEA4A00360692 /* EGOTableViewPullAction-Info.plist */,
				DDF7145C17FBEA4A00360692 /* InfoPlist.strings */,
				DDF7145F17FBEA4A00360692 /* main.m */,
				DDF7146117FBEA4A00360692 /* EGOTableViewPullAction-Prefix.pch */,
				DDF7146517FBEA4A00360692 /* Default.png */,
				DDF7146717FBEA4A00360692 /* Default@2x.png */,
				DDF7146917FBEA4A00360692 /* Default-568h@2x.png */,
			);
			name = "Supporting Files";
			sourceTree = "<group>";
		};
		DDF7148017FBEA4B00360692 /* EGOTableViewPullActionTests */ = {
			isa = PBXGroup;
			children = (
				DDF7148617FBEA4B00360692 /* EGOTableViewPullActionTests.h */,
				DDF7148717FBEA4B00360692 /* EGOTableViewPullActionTests.m */,
				DDF7148117FBEA4B00360692 /* Supporting Files */,
			);
			path = EGOTableViewPullActionTests;
			sourceTree = "<group>";
		};
		DDF7148117FBEA4B00360692 /* Supporting Files */ = {
			isa = PBXGroup;
			children = (
				DDF7148217FBEA4B00360692 /* EGOTableViewPullActionTests-Info.plist */,
				DDF7148317FBEA4B00360692 /* InfoPlist.strings */,
			);
			name = "Supporting Files";
			sourceTree = "<group>";
		};
		DDF7149117FBEA6000360692 /* Classes */ = {
			isa = PBXGroup;
			children = (
				DDF7149217FBEA7700360692 /* EGORefreshTableHeaderView.h */,
				DDF7149317FBEA7700360692 /* EGORefreshTableHeaderView.m */,
				DDF7149417FBEA7700360692 /* LoadMoreTableFooterView.h */,
				DDF7149517FBEA7700360692 /* LoadMoreTableFooterView.m */,
				DDF7149617FBEA7700360692 /* MessageInterceptor.h */,
				DDF7149717FBEA7700360692 /* MessageInterceptor.m */,
				DDF7149817FBEA7700360692 /* PullTableView.h */,
				DDF7149917FBEA7700360692 /* PullTableView.m */,
			);
			path = Classes;
			sourceTree = "<group>";
		};
		DDF714A017FBF0DC00360692 /* Resources */ = {
			isa = PBXGroup;
			children = (
				DDF714A117FBF0DC00360692 /* blackArrow.png */,
				DDF714A217FBF0DC00360692 /* blackArrow@2x.png */,
				DDF714A317FBF0DC00360692 /* blueArrow.png */,
				DDF714A417FBF0DC00360692 /* blueArrow@2x.png */,
				DDF714A517FBF0DC00360692 /* grayArrow.png */,
				DDF714A617FBF0DC00360692 /* grayArrow@2x.png */,
				DDF714A717FBF0DC00360692 /* whiteArrow.png */,
				DDF714A817FBF0DC00360692 /* whiteArrow@2x.png */,
			);
			path = Resources;
			sourceTree = "<group>";
		};
/* End PBXGroup section */

/* Begin PBXNativeTarget section */
		DDF7144F17FBEA4A00360692 /* EGOTableViewPullAction */ = {
			isa = PBXNativeTarget;
			buildConfigurationList = DDF7148B17FBEA4B00360692 /* Build configuration list for PBXNativeTarget "EGOTableViewPullAction" */;
			buildPhases = (
				DDF7144C17FBEA4A00360692 /* Sources */,
				DDF7144D17FBEA4A00360692 /* Frameworks */,
				DDF7144E17FBEA4A00360692 /* Resources */,
			);
			buildRules = (
			);
			dependencies = (
			);
			name = EGOTableViewPullAction;
			productName = EGOTableViewPullAction;
			productReference = DDF7145017FBEA4A00360692 /* EGOTableViewPullAction.app */;
			productType = "com.apple.product-type.application";
		};
		DDF7147817FBEA4B00360692 /* EGOTableViewPullActionTests */ = {
			isa = PBXNativeTarget;
			buildConfigurationList = DDF7148E17FBEA4B00360692 /* Build configuration list for PBXNativeTarget "EGOTableViewPullActionTests" */;
			buildPhases = (
				DDF7147417FBEA4B00360692 /* Sources */,
				DDF7147517FBEA4B00360692 /* Frameworks */,
				DDF7147617FBEA4B00360692 /* Resources */,
				DDF7147717FBEA4B00360692 /* ShellScript */,
			);
			buildRules = (
			);
			dependencies = (
				DDF7147F17FBEA4B00360692 /* PBXTargetDependency */,
			);
			name = EGOTableViewPullActionTests;
			productName = EGOTableViewPullActionTests;
			productReference = DDF7147917FBEA4B00360692 /* EGOTableViewPullActionTests.octest */;
			productType = "com.apple.product-type.bundle";
		};
/* End PBXNativeTarget section */

/* Begin PBXProject section */
		DDF7144817FBEA4A00360692 /* Project object */ = {
			isa = PBXProject;
			attributes = {
				LastUpgradeCheck = 0460;
				ORGANIZATIONNAME = zhao;
			};
			buildConfigurationList = DDF7144B17FBEA4A00360692 /* Build configuration list for PBXProject "EGOTableViewPullAction" */;
			compatibilityVersion = "Xcode 3.2";
			developmentRegion = English;
			hasScannedForEncodings = 0;
			knownRegions = (
				en,
			);
			mainGroup = DDF7144717FBEA4A00360692;
			productRefGroup = DDF7145117FBEA4A00360692 /* Products */;
			projectDirPath = "";
			projectRoot = "";
			targets = (
				DDF7144F17FBEA4A00360692 /* EGOTableViewPullAction */,
				DDF7147817FBEA4B00360692 /* EGOTableViewPullActionTests */,
			);
		};
/* End PBXProject section */

/* Begin PBXResourcesBuildPhase section */
		DDF7144E17FBEA4A00360692 /* Resources */ = {
			isa = PBXResourcesBuildPhase;
			buildActionMask = 2147483647;
			files = (
				DDF7145E17FBEA4A00360692 /* InfoPlist.strings in Resources */,
				DDF7146617FBEA4A00360692 /* Default.png in Resources */,
				DDF7146817FBEA4A00360692 /* Default@2x.png in Resources */,
				DDF7146A17FBEA4B00360692 /* Default-568h@2x.png in Resources */,
				DDF7147017FBEA4B00360692 /* ViewController_iPhone.xib in Resources */,
				DDF7147317FBEA4B00360692 /* ViewController_iPad.xib in Resources */,
				DDF714A917FBF0DC00360692 /* blackArrow.png in Resources */,
				DDF714AA17FBF0DC00360692 /* blackArrow@2x.png in Resources */,
				DDF714AB17FBF0DC00360692 /* blueArrow.png in Resources */,
				DDF714AC17FBF0DC00360692 /* blueArrow@2x.png in Resources */,
				DDF714AD17FBF0DC00360692 /* grayArrow.png in Resources */,
				DDF714AE17FBF0DC00360692 /* grayArrow@2x.png in Resources */,
				DDF714AF17FBF0DC00360692 /* whiteArrow.png in Resources */,
				DDF714B017FBF0DC00360692 /* whiteArrow@2x.png in Resources */,
			);
			runOnlyForDeploymentPostprocessing = 0;
		};
		DDF7147617FBEA4B00360692 /* Resources */ = {
			isa = PBXResourcesBuildPhase;
			buildActionMask = 2147483647;
			files = (
				DDF7148517FBEA4B00360692 /* InfoPlist.strings in Resources */,
			);
			runOnlyForDeploymentPostprocessing = 0;
		};
/* End PBXResourcesBuildPhase section */

/* Begin PBXShellScriptBuildPhase section */
		DDF7147717FBEA4B00360692 /* ShellScript */ = {
			isa = PBXShellScriptBuildPhase;
			buildActionMask = 2147483647;
			files = (
			);
			inputPaths = (
			);
			outputPaths = (
			);
			runOnlyForDeploymentPostprocessing = 0;
			shellPath = /bin/sh;
			shellScript = "# Run the unit tests in this test bundle.\n\"${SYSTEM_DEVELOPER_DIR}/Tools/RunUnitTests\"\n";
		};
/* End PBXShellScriptBuildPhase section */

/* Begin PBXSourcesBuildPhase section */
		DDF7144C17FBEA4A00360692 /* Sources */ = {
			isa = PBXSourcesBuildPhase;
			buildActionMask = 2147483647;
			files = (
				DDF7146017FBEA4A00360692 /* main.m in Sources */,
				DDF7146417FBEA4A00360692 /* AppDelegate.m in Sources */,
				DDF7146D17FBEA4B00360692 /* ViewController.m in Sources */,
				DDF7149A17FBEA7700360692 /* EGORefreshTableHeaderView.m in Sources */,
				DDF7149B17FBEA7700360692 /* LoadMoreTableFooterView.m in Sources */,
				DDF7149C17FBEA7700360692 /* MessageInterceptor.m in Sources */,
				DDF7149D17FBEA7700360692 /* PullTableView.m in Sources */,
			);
			runOnlyForDeploymentPostprocessing = 0;
		};
		DDF7147417FBEA4B00360692 /* Sources */ = {
			isa = PBXSourcesBuildPhase;
			buildActionMask = 2147483647;
			files = (
				DDF7148817FBEA4B00360692 /* EGOTableViewPullActionTests.m in Sources */,
			);
			runOnlyForDeploymentPostprocessing = 0;
		};
/* End PBXSourcesBuildPhase section */

/* Begin PBXTargetDependency section */
		DDF7147F17FBEA4B00360692 /* PBXTargetDependency */ = {
			isa = PBXTargetDependency;
			target = DDF7144F17FBEA4A00360692 /* EGOTableViewPullAction */;
			targetProxy = DDF7147E17FBEA4B00360692 /* PBXContainerItemProxy */;
		};
/* End PBXTargetDependency section */

/* Begin PBXVariantGroup section */
		DDF7145C17FBEA4A00360692 /* InfoPlist.strings */ = {
			isa = PBXVariantGroup;
			children = (
				DDF7145D17FBEA4A00360692 /* en */,
			);
			name = InfoPlist.strings;
			sourceTree = "<group>";
		};
		DDF7146E17FBEA4B00360692 /* ViewController_iPhone.xib */ = {
			isa = PBXVariantGroup;
			children = (
				DDF7146F17FBEA4B00360692 /* en */,
			);
			name = ViewController_iPhone.xib;
			sourceTree = "<group>";
		};
		DDF7147117FBEA4B00360692 /* ViewController_iPad.xib */ = {
			isa = PBXVariantGroup;
			children = (
				DDF7147217FBEA4B00360692 /* en */,
			);
			name = ViewController_iPad.xib;
			sourceTree = "<group>";
		};
		DDF7148317FBEA4B00360692 /* InfoPlist.strings */ = {
			isa = PBXVariantGroup;
			children = (
				DDF7148417FBEA4B00360692 /* en */,
			);
			name = InfoPlist.strings;
			sourceTree = "<group>";
		};
/* End PBXVariantGroup section */

/* Begin XCBuildConfiguration section */
		DDF7148917FBEA4B00360692 /* Debug */ = {
			isa = XCBuildConfiguration;
			buildSettings = {
				ALWAYS_SEARCH_USER_PATHS = NO;
				CLANG_CXX_LANGUAGE_STANDARD = "gnu++0x";
				CLANG_CXX_LIBRARY = "libc++";
				CLANG_ENABLE_OBJC_ARC = YES;
				CLANG_WARN_CONSTANT_CONVERSION = YES;
				CLANG_WARN_EMPTY_BODY = YES;
				CLANG_WARN_ENUM_CONVERSION = YES;
				CLANG_WARN_INT_CONVERSION = YES;
				CLANG_WARN__DUPLICATE_METHOD_MATCH = YES;
				"CODE_SIGN_IDENTITY[sdk=iphoneos*]" = "iPhone Developer";
				COPY_PHASE_STRIP = NO;
				GCC_C_LANGUAGE_STANDARD = gnu99;
				GCC_DYNAMIC_NO_PIC = NO;
				GCC_OPTIMIZATION_LEVEL = 0;
				GCC_PREPROCESSOR_DEFINITIONS = (
					"DEBUG=1",
					"$(inherited)",
				);
				GCC_SYMBOLS_PRIVATE_EXTERN = NO;
				GCC_WARN_ABOUT_RETURN_TYPE = YES;
				GCC_WARN_UNINITIALIZED_AUTOS = YES;
				GCC_WARN_UNUSED_VARIABLE = YES;
				IPHONEOS_DEPLOYMENT_TARGET = 6.1;
				ONLY_ACTIVE_ARCH = YES;
				SDKROOT = iphoneos;
				TARGETED_DEVICE_FAMILY = "1,2";
			};
			name = Debug;
		};
		DDF7148A17FBEA4B00360692 /* Release */ = {
			isa = XCBuildConfiguration;
			buildSettings = {
				ALWAYS_SEARCH_USER_PATHS = NO;
				CLANG_CXX_LANGUAGE_STANDARD = "gnu++0x";
				CLANG_CXX_LIBRARY = "libc++";
				CLANG_ENABLE_OBJC_ARC = YES;
				CLANG_WARN_CONSTANT_CONVERSION = YES;
				CLANG_WARN_EMPTY_BODY = YES;
				CLANG_WARN_ENUM_CONVERSION = YES;
				CLANG_WARN_INT_CONVERSION = YES;
				CLANG_WARN__DUPLICATE_METHOD_MATCH = YES;
				"CODE_SIGN_IDENTITY[sdk=iphoneos*]" = "iPhone Developer";
				COPY_PHASE_STRIP = YES;
				GCC_C_LANGUAGE_STANDARD = gnu99;
				GCC_WARN_ABOUT_RETURN_TYPE = YES;
				GCC_WARN_UNINITIALIZED_AUTOS = YES;
				GCC_WARN_UNUSED_VARIABLE = YES;
				IPHONEOS_DEPLOYMENT_TARGET = 6.1;
				OTHER_CFLAGS = "-DNS_BLOCK_ASSERTIONS=1";
				SDKROOT = iphoneos;
				TARGETED_DEVICE_FAMILY = "1,2";
				VALIDATE_PRODUCT = YES;
			};
			name = Release;
		};
		DDF7148C17FBEA4B00360692 /* Debug */ = {
			isa = XCBuildConfiguration;
			buildSettings = {
				GCC_PRECOMPILE_PREFIX_HEADER = YES;
				GCC_PREFIX_HEADER = "EGOTableViewPullAction/EGOTableViewPullAction-Prefix.pch";
				INFOPLIST_FILE = "EGOTableViewPullAction/EGOTableViewPullAction-Info.plist";
				PRODUCT_NAME = "$(TARGET_NAME)";
				WRAPPER_EXTENSION = app;
			};
			name = Debug;
		};
		DDF7148D17FBEA4B00360692 /* Release */ = {
			isa = XCBuildConfiguration;
			buildSettings = {
				GCC_PRECOMPILE_PREFIX_HEADER = YES;
				GCC_PREFIX_HEADER = "EGOTableViewPullAction/EGOTableViewPullAction-Prefix.pch";
				INFOPLIST_FILE = "EGOTableViewPullAction/EGOTableViewPullAction-Info.plist";
				PRODUCT_NAME = "$(TARGET_NAME)";
				WRAPPER_EXTENSION = app;
			};
			name = Release;
		};
		DDF7148F17FBEA4B00360692 /* Debug */ = {
			isa = XCBuildConfiguration;
			buildSettings = {
				BUNDLE_LOADER = "$(BUILT_PRODUCTS_DIR)/EGOTableViewPullAction.app/EGOTableViewPullAction";
				FRAMEWORK_SEARCH_PATHS = (
					"\"$(SDKROOT)/Developer/Library/Frameworks\"",
					"\"$(DEVELOPER_LIBRARY_DIR)/Frameworks\"",
				);
				GCC_PRECOMPILE_PREFIX_HEADER = YES;
				GCC_PREFIX_HEADER = "EGOTableViewPullAction/EGOTableViewPullAction-Prefix.pch";
				INFOPLIST_FILE = "EGOTableViewPullActionTests/EGOTableViewPullActionTests-Info.plist";
				PRODUCT_NAME = "$(TARGET_NAME)";
				TEST_HOST = "$(BUNDLE_LOADER)";
				WRAPPER_EXTENSION = octest;
			};
			name = Debug;
		};
		DDF7149017FBEA4B00360692 /* Release */ = {
			isa = XCBuildConfiguration;
			buildSettings = {
				BUNDLE_LOADER = "$(BUILT_PRODUCTS_DIR)/EGOTableViewPullAction.app/EGOTableViewPullAction";
				FRAMEWORK_SEARCH_PATHS = (
					"\"$(SDKROOT)/Developer/Library/Frameworks\"",
					"\"$(DEVELOPER_LIBRARY_DIR)/Frameworks\"",
				);
				GCC_PRECOMPILE_PREFIX_HEADER = YES;
				GCC_PREFIX_HEADER = "EGOTableViewPullAction/EGOTableViewPullAction-Prefix.pch";
				INFOPLIST_FILE = "EGOTableViewPullActionTests/EGOTableViewPullActionTests-Info.plist";
				PRODUCT_NAME = "$(TARGET_NAME)";
				TEST_HOST = "$(BUNDLE_LOADER)";
				WRAPPER_EXTENSION = octest;
			};
			name = Release;
		};
/* End XCBuildConfiguration section */

/* Begin XCConfigurationList section */
		DDF7144B17FBEA4A00360692 /* Build configuration list for PBXProject "EGOTableViewPullAction" */ = {
			isa = XCConfigurationList;
			buildConfigurations = (
				DDF7148917FBEA4B00360692 /* Debug */,
				DDF7148A17FBEA4B00360692 /* Release */,
			);
			defaultConfigurationIsVisible = 0;
			defaultConfigurationName = Release;
		};
		DDF7148B17FBEA4B00360692 /* Build configuration list for PBXNativeTarget "EGOTableViewPullAction" */ = {
			isa = XCConfigurationList;
			buildConfigurations = (
				DDF7148C17FBEA4B00360692 /* Debug */,
				DDF7148D17FBEA4B00360692 /* Release */,
			);
			defaultConfigurationIsVisible = 0;
		};
		DDF7148E17FBEA4B00360692 /* Build configuration list for PBXNativeTarget "EGOTableViewPullActionTests" */ = {
			isa = XCConfigurationList;
			buildConfigurations = (
				DDF7148F17FBEA4B00360692 /* Debug */,
				DDF7149017FBEA4B00360692 /* Release */,
			);
			defaultConfigurationIsVisible = 0;
		};
/* End XCConfigurationList section */
	};
	rootObject = DDF7144817FBEA4A00360692 /* Project object */;
}
